<?xml version="1.0" encoding="utf-8"?>
<Project ToolsVersion="4.0" xmlns="http://schemas.microsoft.com/developer/msbuild/2003">
  <ItemGroup>
    <Filter Include="Shared">
      <UniqueIdentifier>{1ab08d8d-c9bb-4fa3-9e28-ce53897c202b}</UniqueIdentifier>
    </Filter>
    <Filter Include="Day01">
      <UniqueIdentifier>{553bc573-3e96-46a2-b44c-e7ca00846035}</UniqueIdentifier>
    </Filter>
    <Filter Include="Day02">
      <UniqueIdentifier>{453565f4-53d4-437e-81c7-595ab384e4d3}</UniqueIdentifier>
    </Filter>
    <Filter Include="Day03">
      <UniqueIdentifier>{4b1772e0-54aa-421a-bf3e-021bca8d7ec1}</UniqueIdentifier>
    </Filter>
    <Filter Include="Day04">
      <UniqueIdentifier>{6ff2bf43-7b90-418d-86dd-4c3b86facc69}</UniqueIdentifier>
    </Filter>
    <Filter Include="Day05">
      <UniqueIdentifier>{7ad24e53-eb0a-4edb-8d7a-08b21814e758}</UniqueIdentifier>
    </Filter>
  </ItemGroup>
  <ItemGroup>
    <ClCompile Include="Shared\Precompiled.cpp">
      <Filter>Shared</Filter>
    </ClCompile>
    <ClCompile Include="Shared\LineReader.cpp">
      <Filter>Shared</Filter>
    </ClCompile>
    <ClCompile Include="Shared\AOCTest.cpp">
      <Filter>Shared</Filter>
    </ClCompile>
    <ClCompile Include="Day01\Day01.cpp">
      <Filter>Day01</Filter>
    </ClCompile>
    <ClCompile Include="Day02\Day02.cpp">
      <Filter>Day02</Filter>
    </ClCompile>
    <ClCompile Include="Day03\Day03.cpp">
      <Filter>Day03</Filter>
    </ClCompile>
    <ClCompile Include="Day04\Day04.cpp">
      <Filter>Day04</Filter>
    </ClCompile>
    <ClCompile Include="Day05\Day05.cpp">
      <Filter>Day05</Filter>
    </ClCompile>
    <ClCompile Include="Shared\StringUtil.cpp">
      <Filter>Shared</Filter>
    </ClCompile>
  </ItemGroup>
  <ItemGroup>
    <ClInclude Include="Shared\Precompiled.hpp">
      <Filter>Shared</Filter>
    </ClInclude>
    <ClInclude Include="Shared\LineReader.hpp">
      <Filter>Shared</Filter>
    </ClInclude>
    <ClInclude Include="Shared\AOCTest.hpp">
      <Filter>Shared</Filter>
    </ClInclude>
    <ClInclude Include="Shared\StringUtil.hpp">
      <Filter>Shared</Filter>
    </ClInclude>
  </ItemGroup>
  <ItemGroup>
    <Text Include="Day01\Input.txt">
      <Filter>Day01</Filter>
    </Text>
    <Text Include="Day01\Sample.txt">
      <Filter>Day01</Filter>
    </Text>
    <Text Include="Day02\Input.txt">
      <Filter>Day02</Filter>
    </Text>
    <Text Include="Day02\Sample.txt">
      <Filter>Day02</Filter>
    </Text>
    <Text Include="Day03\Input.txt">
      <Filter>Day03</Filter>
    </Text>
    <Text Include="Day03\Sample.txt">
      <Filter>Day03</Filter>
    </Text>
    <Text Include="Day03\Sample2.txt">
      <Filter>Day03</Filter>
    </Text>
    <Text Include="Day04\Input.txt">
      <Filter>Day04</Filter>
    </Text>
    <Text Include="Day04\Sample.txt">
      <Filter>Day04</Filter>
    </Text>
    <Text Include="Day05\Input.txt">
      <Filter>Day05</Filter>
    </Text>
    <Text Include="Day05\Sample.txt">
      <Filter>Day05</Filter>
    </Text>
  </ItemGroup>
</Project>